{
  "nodes": {
    "gitignore": {
      "inputs": {
        "nixpkgs": [
          "nixpkgs"
        ]
      },
      "locked": {
        "lastModified": 1709087332,
        "narHash": "sha256-HG2cCnktfHsKV0s4XW83gU3F57gaTljL9KNSuG6bnQs=",
        "owner": "hercules-ci",
        "repo": "gitignore.nix",
        "rev": "637db329424fd7e46cf4185293b9cc8c88c95394",
        "type": "github"
      },
      "original": {
        "owner": "hercules-ci",
        "repo": "gitignore.nix",
        "type": "github"
      }
    },
    "miso": {
      "flake": false,
      "locked": {
        "lastModified": 1734133599,
        "narHash": "sha256-jEjKMkiCtzpyBWS52W+N1c9RKkoPQ1daz6fZHQX5SZU=",
        "owner": "dmjio",
        "repo": "miso",
        "rev": "e411f3e2872465f37eb53b6de4542010a105b53a",
        "type": "github"
      },
      "original": {
        "owner": "dmjio",
        "repo": "miso",
        "type": "github"
      }
    },
    "nixpkgs": {
      "locked": {
        "lastModified": 1758262103,
        "narHash": "sha256-aBGl3XEOsjWw6W3AHiKibN7FeoG73dutQQEqnd/etR8=",
        "owner": "NixOS",
        "repo": "nixpkgs",
        "rev": "12bd230118a1901a4a5d393f9f56b6ad7e571d01",
        "type": "github"
      },
      "original": {
        "owner": "NixOS",
        "ref": "nixpkgs-unstable",
        "repo": "nixpkgs",
        "type": "github"
      }
    },
    "root": {
      "inputs": {
        "gitignore": "gitignore",
        "miso": "miso",
        "nixpkgs": "nixpkgs"
      }
    }
  },
  "root": "root",
  "version": 7
}
